
Microsoft Visual Studio Solution File, Format Version 12.00
# Visual Studio Version 17
VisualStudioVersion = 17.6.33829.357
MinimumVisualStudioVersion = 10.0.40219.1
Project("{FAE04EC0-301F-11D3-BF4B-00C04F79EFBC}") = "array assigment", "array assigment\array assigment.csproj", "{5B600684-15F5-4D68-AB95-FBAF4D904606}"
EndProject
Global
	GlobalSection(SolutionConfigurationPlatforms) = preSolution
		Debug|Any CPU = Debug|Any CPU
		Release|Any CPU = Release|Any CPU
	EndGlobalSection
	GlobalSection(ProjectConfigurationPlatforms) = postSolution
		{5B600684-15F5-4D68-AB95-FBAF4D904606}.Debug|Any CPU.ActiveCfg = Debug|Any CPU
		{5B600684-15F5-4D68-AB95-FBAF4D904606}.Debug|Any CPU.Build.0 = Debug|Any CPU
		{5B600684-15F5-4D68-AB95-FBAF4D904606}.Release|Any CPU.ActiveCfg = Release|Any CPU
		{5B600684-15F5-4D68-AB95-FBAF4D904606}.Release|Any CPU.Build.0 = Release|Any CPU
	EndGlobalSection
	GlobalSection(SolutionProperties) = preSolution
		HideSolutionNode = FALSE
	EndGlobalSection
	GlobalSection(ExtensibilityGlobals) = postSolution
		SolutionGuid = {32110EB5-51CB-4DE2-9601-5DCB4C78157C}
	EndGlobalSection
EndGlobal
